
Microsoft Visual Studio Solution File, Format Version 12.00
# Visual Studio Version 17
VisualStudioVersion = 17.2.32519.379
MinimumVisualStudioVersion = 10.0.40219.1
Project("{2150E333-8FDC-42A3-9474-1A3956D46DE8}") = "Services", "Services", "{5A701BF0-6B21-4C61-BAD4-B99B40672A24}"
EndProject
Project("{2150E333-8FDC-42A3-9474-1A3956D46DE8}") = "Catalog", "Catalog", "{6D09CA73-F8F4-4BD8-BEBA-A1D586AA7C35}"
EndProject
Project("{9A19103F-16F7-4668-BE54-9A1E7A4F7556}") = "Catalog.API", "Services\Catalog\Catalog.API\Catalog.API.csproj", "{D57E7B44-172D-44E7-A3B3-01288584A788}"
EndProject
Project("{E53339B2-1760-4266-BCC7-CA923CBCF16C}") = "docker-compose", "docker-compose.dcproj", "{FDACB787-1B7D-4064-83CE-8F00FA3DE28A}"
EndProject
Project("{2150E333-8FDC-42A3-9474-1A3956D46DE8}") = "Basket", "Basket", "{ED80C813-3F45-473A-83C6-F4A81269210D}"
EndProject
Project("{FAE04EC0-301F-11D3-BF4B-00C04F79EFBC}") = "Basket.API", "Services\Basket\Basket.API\Basket.API.csproj", "{47A80549-4AF5-4751-BE74-D2583724680F}"
EndProject
Global
	GlobalSection(SolutionConfigurationPlatforms) = preSolution
		Debug|Any CPU = Debug|Any CPU
		Release|Any CPU = Release|Any CPU
	EndGlobalSection
	GlobalSection(ProjectConfigurationPlatforms) = postSolution
		{D57E7B44-172D-44E7-A3B3-01288584A788}.Debug|Any CPU.ActiveCfg = Debug|Any CPU
		{D57E7B44-172D-44E7-A3B3-01288584A788}.Debug|Any CPU.Build.0 = Debug|Any CPU
		{D57E7B44-172D-44E7-A3B3-01288584A788}.Release|Any CPU.ActiveCfg = Release|Any CPU
		{D57E7B44-172D-44E7-A3B3-01288584A788}.Release|Any CPU.Build.0 = Release|Any CPU
		{FDACB787-1B7D-4064-83CE-8F00FA3DE28A}.Debug|Any CPU.ActiveCfg = Debug|Any CPU
		{FDACB787-1B7D-4064-83CE-8F00FA3DE28A}.Debug|Any CPU.Build.0 = Debug|Any CPU
		{FDACB787-1B7D-4064-83CE-8F00FA3DE28A}.Release|Any CPU.ActiveCfg = Release|Any CPU
		{FDACB787-1B7D-4064-83CE-8F00FA3DE28A}.Release|Any CPU.Build.0 = Release|Any CPU
		{47A80549-4AF5-4751-BE74-D2583724680F}.Debug|Any CPU.ActiveCfg = Debug|Any CPU
		{47A80549-4AF5-4751-BE74-D2583724680F}.Debug|Any CPU.Build.0 = Debug|Any CPU
		{47A80549-4AF5-4751-BE74-D2583724680F}.Release|Any CPU.ActiveCfg = Release|Any CPU
		{47A80549-4AF5-4751-BE74-D2583724680F}.Release|Any CPU.Build.0 = Release|Any CPU
	EndGlobalSection
	GlobalSection(SolutionProperties) = preSolution
		HideSolutionNode = FALSE
	EndGlobalSection
	GlobalSection(NestedProjects) = preSolution
		{6D09CA73-F8F4-4BD8-BEBA-A1D586AA7C35} = {5A701BF0-6B21-4C61-BAD4-B99B40672A24}
		{D57E7B44-172D-44E7-A3B3-01288584A788} = {6D09CA73-F8F4-4BD8-BEBA-A1D586AA7C35}
		{ED80C813-3F45-473A-83C6-F4A81269210D} = {5A701BF0-6B21-4C61-BAD4-B99B40672A24}
		{47A80549-4AF5-4751-BE74-D2583724680F} = {ED80C813-3F45-473A-83C6-F4A81269210D}
	EndGlobalSection
	GlobalSection(ExtensibilityGlobals) = postSolution
		SolutionGuid = {7271D587-9939-4552-B6AF-3C51C5154803}
	EndGlobalSection
EndGlobal
